
Microsoft Visual Studio Solution File, Format Version 12.00
# Visual Studio Version 17
VisualStudioVersion = 17.12.35506.116 d17.12
MinimumVisualStudioVersion = 10.0.40219.1
Project("{FAE04EC0-301F-11D3-BF4B-00C04F79EFBC}") = "TaskManagement.API", "TaskManagement\TaskManagement.API.csproj", "{7E10AB1E-301A-4C58-8FA0-1F5D41EE7ABD}"
EndProject
Project("{FAE04EC0-301F-11D3-BF4B-00C04F79EFBC}") = "TaskManagement.Application", "TaskManagement.Application\TaskManagement.Application.csproj", "{6359181F-165E-4FA8-BEF4-77B5250C08F7}"
EndProject
Project("{FAE04EC0-301F-11D3-BF4B-00C04F79EFBC}") = "TaskManagement.Domain", "TaskManagement.Domain\TaskManagement.Domain.csproj", "{157F092A-119C-4CF4-9752-55D10A3A818D}"
EndProject
Project("{FAE04EC0-301F-11D3-BF4B-00C04F79EFBC}") = "TaskManagement.Infra", "TaskManagement.Infra\TaskManagement.Infra.csproj", "{CEFAAA1F-2A6C-4795-ADBA-A6DFCE387EC6}"
EndProject
Global
	GlobalSection(SolutionConfigurationPlatforms) = preSolution
		Debug|Any CPU = Debug|Any CPU
		Release|Any CPU = Release|Any CPU
	EndGlobalSection
	GlobalSection(ProjectConfigurationPlatforms) = postSolution
		{7E10AB1E-301A-4C58-8FA0-1F5D41EE7ABD}.Debug|Any CPU.ActiveCfg = Debug|Any CPU
		{7E10AB1E-301A-4C58-8FA0-1F5D41EE7ABD}.Debug|Any CPU.Build.0 = Debug|Any CPU
		{7E10AB1E-301A-4C58-8FA0-1F5D41EE7ABD}.Release|Any CPU.ActiveCfg = Release|Any CPU
		{7E10AB1E-301A-4C58-8FA0-1F5D41EE7ABD}.Release|Any CPU.Build.0 = Release|Any CPU
		{6359181F-165E-4FA8-BEF4-77B5250C08F7}.Debug|Any CPU.ActiveCfg = Debug|Any CPU
		{6359181F-165E-4FA8-BEF4-77B5250C08F7}.Debug|Any CPU.Build.0 = Debug|Any CPU
		{6359181F-165E-4FA8-BEF4-77B5250C08F7}.Release|Any CPU.ActiveCfg = Release|Any CPU
		{6359181F-165E-4FA8-BEF4-77B5250C08F7}.Release|Any CPU.Build.0 = Release|Any CPU
		{157F092A-119C-4CF4-9752-55D10A3A818D}.Debug|Any CPU.ActiveCfg = Debug|Any CPU
		{157F092A-119C-4CF4-9752-55D10A3A818D}.Debug|Any CPU.Build.0 = Debug|Any CPU
		{157F092A-119C-4CF4-9752-55D10A3A818D}.Release|Any CPU.ActiveCfg = Release|Any CPU
		{157F092A-119C-4CF4-9752-55D10A3A818D}.Release|Any CPU.Build.0 = Release|Any CPU
		{CEFAAA1F-2A6C-4795-ADBA-A6DFCE387EC6}.Debug|Any CPU.ActiveCfg = Debug|Any CPU
		{CEFAAA1F-2A6C-4795-ADBA-A6DFCE387EC6}.Debug|Any CPU.Build.0 = Debug|Any CPU
		{CEFAAA1F-2A6C-4795-ADBA-A6DFCE387EC6}.Release|Any CPU.ActiveCfg = Release|Any CPU
		{CEFAAA1F-2A6C-4795-ADBA-A6DFCE387EC6}.Release|Any CPU.Build.0 = Release|Any CPU
	EndGlobalSection
	GlobalSection(SolutionProperties) = preSolution
		HideSolutionNode = FALSE
	EndGlobalSection
EndGlobal
